
Microsoft Visual Studio Solution File, Format Version 12.00
# Visual Studio 15
VisualStudioVersion = 15.0.27004.2009
MinimumVisualStudioVersion = 10.0.40219.1
Project("{FAE04EC0-301F-11D3-BF4B-00C04F79EFBC}") = "Bulldozer", "Bulldozer\Bulldozer.csproj", "{A27450EE-5399-4141-A53A-DC17B91F15F9}"
EndProject
Global
	GlobalSection(SolutionConfigurationPlatforms) = preSolution
		Debug|Any CPU = Debug|Any CPU
		Release|Any CPU = Release|Any CPU
	EndGlobalSection
	GlobalSection(ProjectConfigurationPlatforms) = postSolution
		{A27450EE-5399-4141-A53A-DC17B91F15F9}.Debug|Any CPU.ActiveCfg = Debug|Any CPU
		{A27450EE-5399-4141-A53A-DC17B91F15F9}.Debug|Any CPU.Build.0 = Debug|Any CPU
		{A27450EE-5399-4141-A53A-DC17B91F15F9}.Release|Any CPU.ActiveCfg = Release|Any CPU
		{A27450EE-5399-4141-A53A-DC17B91F15F9}.Release|Any CPU.Build.0 = Release|Any CPU
	EndGlobalSection
	GlobalSection(SolutionProperties) = preSolution
		HideSolutionNode = FALSE
	EndGlobalSection
	GlobalSection(ExtensibilityGlobals) = postSolution
		SolutionGuid = {A1429DEF-15F6-4920-8EB1-2F5CA5921E0F}
	EndGlobalSection
EndGlobal
